
Microsoft Visual Studio Solution File, Format Version 12.00
# Visual Studio 15
VisualStudioVersion = 15.0.26730.12
MinimumVisualStudioVersion = 10.0.40219.1
Project("{FAE04EC0-301F-11D3-BF4B-00C04F79EFBC}") = "FlKoddelning", "FlKoddelning\FlKoddelning.csproj", "{448BCE3D-D9A3-4406-AE5B-60303E220FC5}"
EndProject
Global
	GlobalSection(SolutionConfigurationPlatforms) = preSolution
		Debug|Any CPU = Debug|Any CPU
		Release|Any CPU = Release|Any CPU
	EndGlobalSection
	GlobalSection(ProjectConfigurationPlatforms) = postSolution
		{448BCE3D-D9A3-4406-AE5B-60303E220FC5}.Debug|Any CPU.ActiveCfg = Debug|Any CPU
		{448BCE3D-D9A3-4406-AE5B-60303E220FC5}.Debug|Any CPU.Build.0 = Debug|Any CPU
		{448BCE3D-D9A3-4406-AE5B-60303E220FC5}.Release|Any CPU.ActiveCfg = Release|Any CPU
		{448BCE3D-D9A3-4406-AE5B-60303E220FC5}.Release|Any CPU.Build.0 = Release|Any CPU
	EndGlobalSection
	GlobalSection(SolutionProperties) = preSolution
		HideSolutionNode = FALSE
	EndGlobalSection
	GlobalSection(ExtensibilityGlobals) = postSolution
		SolutionGuid = {51C30368-4989-45B0-AFA0-BB0B3C51739B}
	EndGlobalSection
EndGlobal
